
Microsoft Visual Studio Solution File, Format Version 12.00
# Visual Studio 14
VisualStudioVersion = 14.0.23107.0
MinimumVisualStudioVersion = 10.0.40219.1
Project("{2150E333-8FDC-42A3-9474-1A3956D46DE8}") = ".nuget", ".nuget", "{544881EF-066B-4AB2-86F3-D75CAB64AF48}"
	ProjectSection(SolutionItems) = preProject
		.nuget\NuGet.Config = .nuget\NuGet.Config
		.nuget\NuGet.exe = .nuget\NuGet.exe
		.nuget\NuGet.targets = .nuget\NuGet.targets
	EndProjectSection
EndProject
Project("{FAE04EC0-301F-11D3-BF4B-00C04F79EFBC}") = "T034", "T034\T034.csproj", "{8196906D-5E35-44FE-BD8C-0E0941680B41}"
EndProject
Project("{FAE04EC0-301F-11D3-BF4B-00C04F79EFBC}") = "Db", "T034.Db\Db.csproj", "{EE87A612-15E2-4801-98B5-AA8CC579628A}"
EndProject
Project("{FAE04EC0-301F-11D3-BF4B-00C04F79EFBC}") = "T034.IntegrationTests", "T034.IntegrationTests\T034.IntegrationTests.csproj", "{3A0F11CA-2A87-4577-8B86-FEAC0661F33B}"
EndProject
Global
	GlobalSection(SolutionConfigurationPlatforms) = preSolution
		Debug|Any CPU = Debug|Any CPU
		Release|Any CPU = Release|Any CPU
	EndGlobalSection
	GlobalSection(ProjectConfigurationPlatforms) = postSolution
		{8196906D-5E35-44FE-BD8C-0E0941680B41}.Debug|Any CPU.ActiveCfg = Debug|Any CPU
		{8196906D-5E35-44FE-BD8C-0E0941680B41}.Debug|Any CPU.Build.0 = Debug|Any CPU
		{8196906D-5E35-44FE-BD8C-0E0941680B41}.Release|Any CPU.ActiveCfg = Release|Any CPU
		{8196906D-5E35-44FE-BD8C-0E0941680B41}.Release|Any CPU.Build.0 = Release|Any CPU
		{EE87A612-15E2-4801-98B5-AA8CC579628A}.Debug|Any CPU.ActiveCfg = Debug|Any CPU
		{EE87A612-15E2-4801-98B5-AA8CC579628A}.Debug|Any CPU.Build.0 = Debug|Any CPU
		{EE87A612-15E2-4801-98B5-AA8CC579628A}.Release|Any CPU.ActiveCfg = Release|Any CPU
		{EE87A612-15E2-4801-98B5-AA8CC579628A}.Release|Any CPU.Build.0 = Release|Any CPU
		{3A0F11CA-2A87-4577-8B86-FEAC0661F33B}.Debug|Any CPU.ActiveCfg = Debug|Any CPU
		{3A0F11CA-2A87-4577-8B86-FEAC0661F33B}.Debug|Any CPU.Build.0 = Debug|Any CPU
		{3A0F11CA-2A87-4577-8B86-FEAC0661F33B}.Release|Any CPU.ActiveCfg = Release|Any CPU
		{3A0F11CA-2A87-4577-8B86-FEAC0661F33B}.Release|Any CPU.Build.0 = Release|Any CPU
	EndGlobalSection
	GlobalSection(SolutionProperties) = preSolution
		HideSolutionNode = FALSE
	EndGlobalSection
EndGlobal
